
Microsoft Visual Studio Solution File, Format Version 12.00
# Visual Studio Version 17
VisualStudioVersion = 17.3.32825.248
MinimumVisualStudioVersion = 10.0.40219.1
Project("{8BC9CEB8-8B4A-11D0-8D11-00A0C91BC942}") = "Baekjoon", "Baekjoon\Baekjoon.vcxproj", "{ECA80AD6-30AF-49C1-8A70-F8E7E85389B0}"
EndProject
Project("{8BC9CEB8-8B4A-11D0-8D11-00A0C91BC942}") = "7562", "7562\7562.vcxproj", "{C5C05043-0E71-49D9-8B71-803401CFB562}"
EndProject
Project("{8BC9CEB8-8B4A-11D0-8D11-00A0C91BC942}") = "2583", "2583\2583.vcxproj", "{8262F7BF-D56D-4B57-BA25-FD5763371270}"
EndProject
Project("{8BC9CEB8-8B4A-11D0-8D11-00A0C91BC942}") = "11657", "11657\11657.vcxproj", "{43316D74-9E5C-4027-A36A-2062A63BE5DA}"
EndProject
Project("{8BC9CEB8-8B4A-11D0-8D11-00A0C91BC942}") = "1865", "1865\1865.vcxproj", "{E294EE2E-9B03-4E0F-9D34-A2EDE736DFA2}"
EndProject
Project("{8BC9CEB8-8B4A-11D0-8D11-00A0C91BC942}") = "1753", "1753\1753.vcxproj", "{AEB25C7B-83D6-4A91-B829-2387E083FD17}"
EndProject
Project("{8BC9CEB8-8B4A-11D0-8D11-00A0C91BC942}") = "1504", "1504\1504.vcxproj", "{FF9DBA80-4F6C-4CAF-9C3C-8210761AD9D2}"
EndProject
Project("{8BC9CEB8-8B4A-11D0-8D11-00A0C91BC942}") = "1445", "1445\1445.vcxproj", "{94B54C10-F40C-44A7-9F4F-5D6F8FEB9659}"
EndProject
Project("{8BC9CEB8-8B4A-11D0-8D11-00A0C91BC942}") = "13911", "13911\13911.vcxproj", "{45455720-57D3-4824-9230-F382C7704848}"
EndProject
Project("{8BC9CEB8-8B4A-11D0-8D11-00A0C91BC942}") = "11404", "11404\11404.vcxproj", "{6B127A6A-0E2E-4BB6-9442-E2EA92BA80E5}"
EndProject
Project("{8BC9CEB8-8B4A-11D0-8D11-00A0C91BC942}") = "11780", "11780\11780.vcxproj", "{914FFA2C-316A-4714-91F8-AC51D3FD5604}"
EndProject
Project("{8BC9CEB8-8B4A-11D0-8D11-00A0C91BC942}") = "2887", "2887\2887.vcxproj", "{3C16C6BE-A646-4331-B837-CA822106D5BF}"
EndProject
Project("{8BC9CEB8-8B4A-11D0-8D11-00A0C91BC942}") = "1516", "1516\1516.vcxproj", "{E4026874-3484-4BAC-B70A-CAE5B8E36784}"
EndProject
Project("{8BC9CEB8-8B4A-11D0-8D11-00A0C91BC942}") = "1197", "1197\1197.vcxproj", "{8A70C36B-0971-407E-82DB-47F3A4139444}"
EndProject
Project("{8BC9CEB8-8B4A-11D0-8D11-00A0C91BC942}") = "1005", "1005\1005.vcxproj", "{0B6338A4-FE01-44D0-8F96-A0A9007CF915}"
EndProject
Project("{8BC9CEB8-8B4A-11D0-8D11-00A0C91BC942}") = "2623", "2623\2623.vcxproj", "{4B5F4696-1BA3-40B3-A043-90874DDA4589}"
EndProject
Project("{8BC9CEB8-8B4A-11D0-8D11-00A0C91BC942}") = "1922", "1922\1922.vcxproj", "{1A091190-F485-4864-9771-0C5CB7F12990}"
EndProject
Project("{8BC9CEB8-8B4A-11D0-8D11-00A0C91BC942}") = "2252", "2252\2252.vcxproj", "{F2C6776D-E4ED-443B-A3CF-9C2906358498}"
EndProject
Project("{8BC9CEB8-8B4A-11D0-8D11-00A0C91BC942}") = "1647", "1647\1647.vcxproj", "{993B56D9-91F3-49BB-BC6C-6D342DEFDDAD}"
EndProject
Project("{8BC9CEB8-8B4A-11D0-8D11-00A0C91BC942}") = "2003", "2003\2003.vcxproj", "{7C986689-D1CD-4111-8E9E-8B52BD3808A2}"
EndProject
Project("{8BC9CEB8-8B4A-11D0-8D11-00A0C91BC942}") = "15961", "15961\15961.vcxproj", "{5D58643A-84FB-4B89-AD8C-0AA18A9459A5}"
EndProject
Project("{8BC9CEB8-8B4A-11D0-8D11-00A0C91BC942}") = "1644", "1644\1644.vcxproj", "{00D61997-2078-44BA-8A2A-C78AB0B38CA0}"
EndProject
Project("{8BC9CEB8-8B4A-11D0-8D11-00A0C91BC942}") = "2143", "2143\2143.vcxproj", "{D2F3F409-E77D-457E-8EBA-032701216F91}"
EndProject
Project("{8BC9CEB8-8B4A-11D0-8D11-00A0C91BC942}") = "2632", "2632\2632.vcxproj", "{A5E7E58D-2FB1-4C14-BD86-77860F42B373}"
EndProject
Project("{8BC9CEB8-8B4A-11D0-8D11-00A0C91BC942}") = "1806", "1806\1806.vcxproj", "{A7C3D3C4-2F3C-4293-872E-B0715F68BEC5}"
EndProject
Project("{8BC9CEB8-8B4A-11D0-8D11-00A0C91BC942}") = "2467", "2467\2467.vcxproj", "{1987764D-1896-4B71-B4DE-C62FE51EABE9}"
EndProject
Project("{8BC9CEB8-8B4A-11D0-8D11-00A0C91BC942}") = "10971", "10971\10971.vcxproj", "{0A172CB8-1C4F-42A3-AED2-E54E2FA68CEE}"
EndProject
Project("{8BC9CEB8-8B4A-11D0-8D11-00A0C91BC942}") = "16991", "16991\16991.vcxproj", "{895D6D14-F429-4CB3-A599-9B3A92369094}"
EndProject
Project("{8BC9CEB8-8B4A-11D0-8D11-00A0C91BC942}") = "11725", "11725\11725.vcxproj", "{11E31B2F-FECB-434E-A2D3-3910008F425E}"
EndProject
Project("{8BC9CEB8-8B4A-11D0-8D11-00A0C91BC942}") = "1068", "1068\1068.vcxproj", "{B447224F-20D8-4AC0-AF2C-5992A971E08A}"
EndProject
Project("{8BC9CEB8-8B4A-11D0-8D11-00A0C91BC942}") = "11203", "11203\11203.vcxproj", "{E476B858-745C-47EE-ACEB-1DD5F06B4083}"
EndProject
Project("{8BC9CEB8-8B4A-11D0-8D11-00A0C91BC942}") = "9342", "9342\9342.vcxproj", "{7D3F612F-1346-44FC-B94D-EDBEB247ACAB}"
EndProject
Project("{8BC9CEB8-8B4A-11D0-8D11-00A0C91BC942}") = "10491", "10491\10491.vcxproj", "{ADB52607-84FD-4932-8D83-40F99303E6AA}"
EndProject
Project("{8BC9CEB8-8B4A-11D0-8D11-00A0C91BC942}") = "2447", "2447\2447.vcxproj", "{A64696BC-152B-4A65-A15D-997B805611F0}"
EndProject
Project("{8BC9CEB8-8B4A-11D0-8D11-00A0C91BC942}") = "11399", "11399\11399.vcxproj", "{4B975903-8654-4F85-A42C-21C4A2C12B00}"
EndProject
Project("{8BC9CEB8-8B4A-11D0-8D11-00A0C91BC942}") = "13975", "13975\13975.vcxproj", "{77F0F68E-1CDB-4161-B65E-3C30EDC760E0}"
EndProject
Project("{8BC9CEB8-8B4A-11D0-8D11-00A0C91BC942}") = "1744", "1744\1744.vcxproj", "{EFC9416C-EA1F-486E-8C8E-ED07658C7CBF}"
EndProject
Project("{8BC9CEB8-8B4A-11D0-8D11-00A0C91BC942}") = "1339", "1339\1339.vcxproj", "{B07C25EA-63B7-4378-B256-14ABE3525EED}"
EndProject
Project("{8BC9CEB8-8B4A-11D0-8D11-00A0C91BC942}") = "1826", "1826\1826.vcxproj", "{02D32B5B-79F4-4BAC-AACE-337C1505F312}"
EndProject
Project("{8BC9CEB8-8B4A-11D0-8D11-00A0C91BC942}") = "1202", "1202\1202.vcxproj", "{9D175B90-1D52-4DD0-B916-62265CAD817B}"
EndProject
Project("{8BC9CEB8-8B4A-11D0-8D11-00A0C91BC942}") = "2212", "2212\2212.vcxproj", "{E869B72A-F554-4F90-9E2F-13A28A8D62B1}"
EndProject
Project("{8BC9CEB8-8B4A-11D0-8D11-00A0C91BC942}") = "2262", "2262\2262.vcxproj", "{79C39238-E46A-4E4C-B0DD-6C16A174D953}"
EndProject
Global
	GlobalSection(SolutionConfigurationPlatforms) = preSolution
		Debug|x64 = Debug|x64
		Debug|x86 = Debug|x86
		Release|x64 = Release|x64
		Release|x86 = Release|x86
	EndGlobalSection
	GlobalSection(ProjectConfigurationPlatforms) = postSolution
		{ECA80AD6-30AF-49C1-8A70-F8E7E85389B0}.Debug|x64.ActiveCfg = Debug|x64
		{ECA80AD6-30AF-49C1-8A70-F8E7E85389B0}.Debug|x64.Build.0 = Debug|x64
		{ECA80AD6-30AF-49C1-8A70-F8E7E85389B0}.Debug|x86.ActiveCfg = Debug|Win32
		{ECA80AD6-30AF-49C1-8A70-F8E7E85389B0}.Debug|x86.Build.0 = Debug|Win32
		{ECA80AD6-30AF-49C1-8A70-F8E7E85389B0}.Release|x64.ActiveCfg = Release|x64
		{ECA80AD6-30AF-49C1-8A70-F8E7E85389B0}.Release|x64.Build.0 = Release|x64
		{ECA80AD6-30AF-49C1-8A70-F8E7E85389B0}.Release|x86.ActiveCfg = Release|Win32
		{ECA80AD6-30AF-49C1-8A70-F8E7E85389B0}.Release|x86.Build.0 = Release|Win32
		{C5C05043-0E71-49D9-8B71-803401CFB562}.Debug|x64.ActiveCfg = Debug|x64
		{C5C05043-0E71-49D9-8B71-803401CFB562}.Debug|x64.Build.0 = Debug|x64
		{C5C05043-0E71-49D9-8B71-803401CFB562}.Debug|x86.ActiveCfg = Debug|Win32
		{C5C05043-0E71-49D9-8B71-803401CFB562}.Debug|x86.Build.0 = Debug|Win32
		{C5C05043-0E71-49D9-8B71-803401CFB562}.Release|x64.ActiveCfg = Release|x64
		{C5C05043-0E71-49D9-8B71-803401CFB562}.Release|x64.Build.0 = Release|x64
		{C5C05043-0E71-49D9-8B71-803401CFB562}.Release|x86.ActiveCfg = Release|Win32
		{C5C05043-0E71-49D9-8B71-803401CFB562}.Release|x86.Build.0 = Release|Win32
		{8262F7BF-D56D-4B57-BA25-FD5763371270}.Debug|x64.ActiveCfg = Debug|x64
		{8262F7BF-D56D-4B57-BA25-FD5763371270}.Debug|x64.Build.0 = Debug|x64
		{8262F7BF-D56D-4B57-BA25-FD5763371270}.Debug|x86.ActiveCfg = Debug|Win32
		{8262F7BF-D56D-4B57-BA25-FD5763371270}.Debug|x86.Build.0 = Debug|Win32
		{8262F7BF-D56D-4B57-BA25-FD5763371270}.Release|x64.ActiveCfg = Release|x64
		{8262F7BF-D56D-4B57-BA25-FD5763371270}.Release|x64.Build.0 = Release|x64
		{8262F7BF-D56D-4B57-BA25-FD5763371270}.Release|x86.ActiveCfg = Release|Win32
		{8262F7BF-D56D-4B57-BA25-FD5763371270}.Release|x86.Build.0 = Release|Win32
		{43316D74-9E5C-4027-A36A-2062A63BE5DA}.Debug|x64.ActiveCfg = Debug|x64
		{43316D74-9E5C-4027-A36A-2062A63BE5DA}.Debug|x64.Build.0 = Debug|x64
		{43316D74-9E5C-4027-A36A-2062A63BE5DA}.Debug|x86.ActiveCfg = Debug|Win32
		{43316D74-9E5C-4027-A36A-2062A63BE5DA}.Debug|x86.Build.0 = Debug|Win32
		{43316D74-9E5C-4027-A36A-2062A63BE5DA}.Release|x64.ActiveCfg = Release|x64
		{43316D74-9E5C-4027-A36A-2062A63BE5DA}.Release|x64.Build.0 = Release|x64
		{43316D74-9E5C-4027-A36A-2062A63BE5DA}.Release|x86.ActiveCfg = Release|Win32
		{43316D74-9E5C-4027-A36A-2062A63BE5DA}.Release|x86.Build.0 = Release|Win32
		{E294EE2E-9B03-4E0F-9D34-A2EDE736DFA2}.Debug|x64.ActiveCfg = Debug|x64
		{E294EE2E-9B03-4E0F-9D34-A2EDE736DFA2}.Debug|x64.Build.0 = Debug|x64
		{E294EE2E-9B03-4E0F-9D34-A2EDE736DFA2}.Debug|x86.ActiveCfg = Debug|Win32
		{E294EE2E-9B03-4E0F-9D34-A2EDE736DFA2}.Debug|x86.Build.0 = Debug|Win32
		{E294EE2E-9B03-4E0F-9D34-A2EDE736DFA2}.Release|x64.ActiveCfg = Release|x64
		{E294EE2E-9B03-4E0F-9D34-A2EDE736DFA2}.Release|x64.Build.0 = Release|x64
		{E294EE2E-9B03-4E0F-9D34-A2EDE736DFA2}.Release|x86.ActiveCfg = Release|Win32
		{E294EE2E-9B03-4E0F-9D34-A2EDE736DFA2}.Release|x86.Build.0 = Release|Win32
		{AEB25C7B-83D6-4A91-B829-2387E083FD17}.Debug|x64.ActiveCfg = Debug|x64
		{AEB25C7B-83D6-4A91-B829-2387E083FD17}.Debug|x64.Build.0 = Debug|x64
		{AEB25C7B-83D6-4A91-B829-2387E083FD17}.Debug|x86.ActiveCfg = Debug|Win32
		{AEB25C7B-83D6-4A91-B829-2387E083FD17}.Debug|x86.Build.0 = Debug|Win32
		{AEB25C7B-83D6-4A91-B829-2387E083FD17}.Release|x64.ActiveCfg = Release|x64
		{AEB25C7B-83D6-4A91-B829-2387E083FD17}.Release|x64.Build.0 = Release|x64
		{AEB25C7B-83D6-4A91-B829-2387E083FD17}.Release|x86.ActiveCfg = Release|Win32
		{AEB25C7B-83D6-4A91-B829-2387E083FD17}.Release|x86.Build.0 = Release|Win32
		{FF9DBA80-4F6C-4CAF-9C3C-8210761AD9D2}.Debug|x64.ActiveCfg = Debug|x64
		{FF9DBA80-4F6C-4CAF-9C3C-8210761AD9D2}.Debug|x64.Build.0 = Debug|x64
		{FF9DBA80-4F6C-4CAF-9C3C-8210761AD9D2}.Debug|x86.ActiveCfg = Debug|Win32
		{FF9DBA80-4F6C-4CAF-9C3C-8210761AD9D2}.Debug|x86.Build.0 = Debug|Win32
		{FF9DBA80-4F6C-4CAF-9C3C-8210761AD9D2}.Release|x64.ActiveCfg = Release|x64
		{FF9DBA80-4F6C-4CAF-9C3C-8210761AD9D2}.Release|x64.Build.0 = Release|x64
		{FF9DBA80-4F6C-4CAF-9C3C-8210761AD9D2}.Release|x86.ActiveCfg = Release|Win32
		{FF9DBA80-4F6C-4CAF-9C3C-8210761AD9D2}.Release|x86.Build.0 = Release|Win32
		{94B54C10-F40C-44A7-9F4F-5D6F8FEB9659}.Debug|x64.ActiveCfg = Debug|x64
		{94B54C10-F40C-44A7-9F4F-5D6F8FEB9659}.Debug|x64.Build.0 = Debug|x64
		{94B54C10-F40C-44A7-9F4F-5D6F8FEB9659}.Debug|x86.ActiveCfg = Debug|Win32
		{94B54C10-F40C-44A7-9F4F-5D6F8FEB9659}.Debug|x86.Build.0 = Debug|Win32
		{94B54C10-F40C-44A7-9F4F-5D6F8FEB9659}.Release|x64.ActiveCfg = Release|x64
		{94B54C10-F40C-44A7-9F4F-5D6F8FEB9659}.Release|x64.Build.0 = Release|x64
		{94B54C10-F40C-44A7-9F4F-5D6F8FEB9659}.Release|x86.ActiveCfg = Release|Win32
		{94B54C10-F40C-44A7-9F4F-5D6F8FEB9659}.Release|x86.Build.0 = Release|Win32
		{45455720-57D3-4824-9230-F382C7704848}.Debug|x64.ActiveCfg = Debug|x64
		{45455720-57D3-4824-9230-F382C7704848}.Debug|x64.Build.0 = Debug|x64
		{45455720-57D3-4824-9230-F382C7704848}.Debug|x86.ActiveCfg = Debug|Win32
		{45455720-57D3-4824-9230-F382C7704848}.Debug|x86.Build.0 = Debug|Win32
		{45455720-57D3-4824-9230-F382C7704848}.Release|x64.ActiveCfg = Release|x64
		{45455720-57D3-4824-9230-F382C7704848}.Release|x64.Build.0 = Release|x64
		{45455720-57D3-4824-9230-F382C7704848}.Release|x86.ActiveCfg = Release|Win32
		{45455720-57D3-4824-9230-F382C7704848}.Release|x86.Build.0 = Release|Win32
		{6B127A6A-0E2E-4BB6-9442-E2EA92BA80E5}.Debug|x64.ActiveCfg = Debug|x64
		{6B127A6A-0E2E-4BB6-9442-E2EA92BA80E5}.Debug|x64.Build.0 = Debug|x64
		{6B127A6A-0E2E-4BB6-9442-E2EA92BA80E5}.Debug|x86.ActiveCfg = Debug|Win32
		{6B127A6A-0E2E-4BB6-9442-E2EA92BA80E5}.Debug|x86.Build.0 = Debug|Win32
		{6B127A6A-0E2E-4BB6-9442-E2EA92BA80E5}.Release|x64.ActiveCfg = Release|x64
		{6B127A6A-0E2E-4BB6-9442-E2EA92BA80E5}.Release|x64.Build.0 = Release|x64
		{6B127A6A-0E2E-4BB6-9442-E2EA92BA80E5}.Release|x86.ActiveCfg = Release|Win32
		{6B127A6A-0E2E-4BB6-9442-E2EA92BA80E5}.Release|x86.Build.0 = Release|Win32
		{914FFA2C-316A-4714-91F8-AC51D3FD5604}.Debug|x64.ActiveCfg = Debug|x64
		{914FFA2C-316A-4714-91F8-AC51D3FD5604}.Debug|x64.Build.0 = Debug|x64
		{914FFA2C-316A-4714-91F8-AC51D3FD5604}.Debug|x86.ActiveCfg = Debug|Win32
		{914FFA2C-316A-4714-91F8-AC51D3FD5604}.Debug|x86.Build.0 = Debug|Win32
		{914FFA2C-316A-4714-91F8-AC51D3FD5604}.Release|x64.ActiveCfg = Release|x64
		{914FFA2C-316A-4714-91F8-AC51D3FD5604}.Release|x64.Build.0 = Release|x64
		{914FFA2C-316A-4714-91F8-AC51D3FD5604}.Release|x86.ActiveCfg = Release|Win32
		{914FFA2C-316A-4714-91F8-AC51D3FD5604}.Release|x86.Build.0 = Release|Win32
		{3C16C6BE-A646-4331-B837-CA822106D5BF}.Debug|x64.ActiveCfg = Debug|x64
		{3C16C6BE-A646-4331-B837-CA822106D5BF}.Debug|x64.Build.0 = Debug|x64
		{3C16C6BE-A646-4331-B837-CA822106D5BF}.Debug|x86.ActiveCfg = Debug|Win32
		{3C16C6BE-A646-4331-B837-CA822106D5BF}.Debug|x86.Build.0 = Debug|Win32
		{3C16C6BE-A646-4331-B837-CA822106D5BF}.Release|x64.ActiveCfg = Release|x64
		{3C16C6BE-A646-4331-B837-CA822106D5BF}.Release|x64.Build.0 = Release|x64
		{3C16C6BE-A646-4331-B837-CA822106D5BF}.Release|x86.ActiveCfg = Release|Win32
		{3C16C6BE-A646-4331-B837-CA822106D5BF}.Release|x86.Build.0 = Release|Win32
		{E4026874-3484-4BAC-B70A-CAE5B8E36784}.Debug|x64.ActiveCfg = Debug|x64
		{E4026874-3484-4BAC-B70A-CAE5B8E36784}.Debug|x64.Build.0 = Debug|x64
		{E4026874-3484-4BAC-B70A-CAE5B8E36784}.Debug|x86.ActiveCfg = Debug|Win32
		{E4026874-3484-4BAC-B70A-CAE5B8E36784}.Debug|x86.Build.0 = Debug|Win32
		{E4026874-3484-4BAC-B70A-CAE5B8E36784}.Release|x64.ActiveCfg = Release|x64
		{E4026874-3484-4BAC-B70A-CAE5B8E36784}.Release|x64.Build.0 = Release|x64
		{E4026874-3484-4BAC-B70A-CAE5B8E36784}.Release|x86.ActiveCfg = Release|Win32
		{E4026874-3484-4BAC-B70A-CAE5B8E36784}.Release|x86.Build.0 = Release|Win32
		{8A70C36B-0971-407E-82DB-47F3A4139444}.Debug|x64.ActiveCfg = Debug|x64
		{8A70C36B-0971-407E-82DB-47F3A4139444}.Debug|x64.Build.0 = Debug|x64
		{8A70C36B-0971-407E-82DB-47F3A4139444}.Debug|x86.ActiveCfg = Debug|Win32
		{8A70C36B-0971-407E-82DB-47F3A4139444}.Debug|x86.Build.0 = Debug|Win32
		{8A70C36B-0971-407E-82DB-47F3A4139444}.Release|x64.ActiveCfg = Release|x64
		{8A70C36B-0971-407E-82DB-47F3A4139444}.Release|x64.Build.0 = Release|x64
		{8A70C36B-0971-407E-82DB-47F3A4139444}.Release|x86.ActiveCfg = Release|Win32
		{8A70C36B-0971-407E-82DB-47F3A4139444}.Release|x86.Build.0 = Release|Win32
		{0B6338A4-FE01-44D0-8F96-A0A9007CF915}.Debug|x64.ActiveCfg = Debug|x64
		{0B6338A4-FE01-44D0-8F96-A0A9007CF915}.Debug|x64.Build.0 = Debug|x64
		{0B6338A4-FE01-44D0-8F96-A0A9007CF915}.Debug|x86.ActiveCfg = Debug|Win32
		{0B6338A4-FE01-44D0-8F96-A0A9007CF915}.Debug|x86.Build.0 = Debug|Win32
		{0B6338A4-FE01-44D0-8F96-A0A9007CF915}.Release|x64.ActiveCfg = Release|x64
		{0B6338A4-FE01-44D0-8F96-A0A9007CF915}.Release|x64.Build.0 = Release|x64
		{0B6338A4-FE01-44D0-8F96-A0A9007CF915}.Release|x86.ActiveCfg = Release|Win32
		{0B6338A4-FE01-44D0-8F96-A0A9007CF915}.Release|x86.Build.0 = Release|Win32
		{4B5F4696-1BA3-40B3-A043-90874DDA4589}.Debug|x64.ActiveCfg = Debug|x64
		{4B5F4696-1BA3-40B3-A043-90874DDA4589}.Debug|x64.Build.0 = Debug|x64
		{4B5F4696-1BA3-40B3-A043-90874DDA4589}.Debug|x86.ActiveCfg = Debug|Win32
		{4B5F4696-1BA3-40B3-A043-90874DDA4589}.Debug|x86.Build.0 = Debug|Win32
		{4B5F4696-1BA3-40B3-A043-90874DDA4589}.Release|x64.ActiveCfg = Release|x64
		{4B5F4696-1BA3-40B3-A043-90874DDA4589}.Release|x64.Build.0 = Release|x64
		{4B5F4696-1BA3-40B3-A043-90874DDA4589}.Release|x86.ActiveCfg = Release|Win32
		{4B5F4696-1BA3-40B3-A043-90874DDA4589}.Release|x86.Build.0 = Release|Win32
		{1A091190-F485-4864-9771-0C5CB7F12990}.Debug|x64.ActiveCfg = Debug|x64
		{1A091190-F485-4864-9771-0C5CB7F12990}.Debug|x64.Build.0 = Debug|x64
		{1A091190-F485-4864-9771-0C5CB7F12990}.Debug|x86.ActiveCfg = Debug|Win32
		{1A091190-F485-4864-9771-0C5CB7F12990}.Debug|x86.Build.0 = Debug|Win32
		{1A091190-F485-4864-9771-0C5CB7F12990}.Release|x64.ActiveCfg = Release|x64
		{1A091190-F485-4864-9771-0C5CB7F12990}.Release|x64.Build.0 = Release|x64
		{1A091190-F485-4864-9771-0C5CB7F12990}.Release|x86.ActiveCfg = Release|Win32
		{1A091190-F485-4864-9771-0C5CB7F12990}.Release|x86.Build.0 = Release|Win32
		{F2C6776D-E4ED-443B-A3CF-9C2906358498}.Debug|x64.ActiveCfg = Debug|x64
		{F2C6776D-E4ED-443B-A3CF-9C2906358498}.Debug|x64.Build.0 = Debug|x64
		{F2C6776D-E4ED-443B-A3CF-9C2906358498}.Debug|x86.ActiveCfg = Debug|Win32
		{F2C6776D-E4ED-443B-A3CF-9C2906358498}.Debug|x86.Build.0 = Debug|Win32
		{F2C6776D-E4ED-443B-A3CF-9C2906358498}.Release|x64.ActiveCfg = Release|x64
		{F2C6776D-E4ED-443B-A3CF-9C2906358498}.Release|x64.Build.0 = Release|x64
		{F2C6776D-E4ED-443B-A3CF-9C2906358498}.Release|x86.ActiveCfg = Release|Win32
		{F2C6776D-E4ED-443B-A3CF-9C2906358498}.Release|x86.Build.0 = Release|Win32
		{993B56D9-91F3-49BB-BC6C-6D342DEFDDAD}.Debug|x64.ActiveCfg = Debug|x64
		{993B56D9-91F3-49BB-BC6C-6D342DEFDDAD}.Debug|x64.Build.0 = Debug|x64
		{993B56D9-91F3-49BB-BC6C-6D342DEFDDAD}.Debug|x86.ActiveCfg = Debug|Win32
		{993B56D9-91F3-49BB-BC6C-6D342DEFDDAD}.Debug|x86.Build.0 = Debug|Win32
		{993B56D9-91F3-49BB-BC6C-6D342DEFDDAD}.Release|x64.ActiveCfg = Release|x64
		{993B56D9-91F3-49BB-BC6C-6D342DEFDDAD}.Release|x64.Build.0 = Release|x64
		{993B56D9-91F3-49BB-BC6C-6D342DEFDDAD}.Release|x86.ActiveCfg = Release|Win32
		{993B56D9-91F3-49BB-BC6C-6D342DEFDDAD}.Release|x86.Build.0 = Release|Win32
		{7C986689-D1CD-4111-8E9E-8B52BD3808A2}.Debug|x64.ActiveCfg = Debug|x64
		{7C986689-D1CD-4111-8E9E-8B52BD3808A2}.Debug|x64.Build.0 = Debug|x64
		{7C986689-D1CD-4111-8E9E-8B52BD3808A2}.Debug|x86.ActiveCfg = Debug|Win32
		{7C986689-D1CD-4111-8E9E-8B52BD3808A2}.Debug|x86.Build.0 = Debug|Win32
		{7C986689-D1CD-4111-8E9E-8B52BD3808A2}.Release|x64.ActiveCfg = Release|x64
		{7C986689-D1CD-4111-8E9E-8B52BD3808A2}.Release|x64.Build.0 = Release|x64
		{7C986689-D1CD-4111-8E9E-8B52BD3808A2}.Release|x86.ActiveCfg = Release|Win32
		{7C986689-D1CD-4111-8E9E-8B52BD3808A2}.Release|x86.Build.0 = Release|Win32
		{5D58643A-84FB-4B89-AD8C-0AA18A9459A5}.Debug|x64.ActiveCfg = Debug|x64
		{5D58643A-84FB-4B89-AD8C-0AA18A9459A5}.Debug|x64.Build.0 = Debug|x64
		{5D58643A-84FB-4B89-AD8C-0AA18A9459A5}.Debug|x86.ActiveCfg = Debug|Win32
		{5D58643A-84FB-4B89-AD8C-0AA18A9459A5}.Debug|x86.Build.0 = Debug|Win32
		{5D58643A-84FB-4B89-AD8C-0AA18A9459A5}.Release|x64.ActiveCfg = Release|x64
		{5D58643A-84FB-4B89-AD8C-0AA18A9459A5}.Release|x64.Build.0 = Release|x64
		{5D58643A-84FB-4B89-AD8C-0AA18A9459A5}.Release|x86.ActiveCfg = Release|Win32
		{5D58643A-84FB-4B89-AD8C-0AA18A9459A5}.Release|x86.Build.0 = Release|Win32
		{00D61997-2078-44BA-8A2A-C78AB0B38CA0}.Debug|x64.ActiveCfg = Debug|x64
		{00D61997-2078-44BA-8A2A-C78AB0B38CA0}.Debug|x64.Build.0 = Debug|x64
		{00D61997-2078-44BA-8A2A-C78AB0B38CA0}.Debug|x86.ActiveCfg = Debug|Win32
		{00D61997-2078-44BA-8A2A-C78AB0B38CA0}.Debug|x86.Build.0 = Debug|Win32
		{00D61997-2078-44BA-8A2A-C78AB0B38CA0}.Release|x64.ActiveCfg = Release|x64
		{00D61997-2078-44BA-8A2A-C78AB0B38CA0}.Release|x64.Build.0 = Release|x64
		{00D61997-2078-44BA-8A2A-C78AB0B38CA0}.Release|x86.ActiveCfg = Release|Win32
		{00D61997-2078-44BA-8A2A-C78AB0B38CA0}.Release|x86.Build.0 = Release|Win32
		{D2F3F409-E77D-457E-8EBA-032701216F91}.Debug|x64.ActiveCfg = Debug|x64
		{D2F3F409-E77D-457E-8EBA-032701216F91}.Debug|x64.Build.0 = Debug|x64
		{D2F3F409-E77D-457E-8EBA-032701216F91}.Debug|x86.ActiveCfg = Debug|Win32
		{D2F3F409-E77D-457E-8EBA-032701216F91}.Debug|x86.Build.0 = Debug|Win32
		{D2F3F409-E77D-457E-8EBA-032701216F91}.Release|x64.ActiveCfg = Release|x64
		{D2F3F409-E77D-457E-8EBA-032701216F91}.Release|x64.Build.0 = Release|x64
		{D2F3F409-E77D-457E-8EBA-032701216F91}.Release|x86.ActiveCfg = Release|Win32
		{D2F3F409-E77D-457E-8EBA-032701216F91}.Release|x86.Build.0 = Release|Win32
		{A5E7E58D-2FB1-4C14-BD86-77860F42B373}.Debug|x64.ActiveCfg = Debug|x64
		{A5E7E58D-2FB1-4C14-BD86-77860F42B373}.Debug|x64.Build.0 = Debug|x64
		{A5E7E58D-2FB1-4C14-BD86-77860F42B373}.Debug|x86.ActiveCfg = Debug|Win32
		{A5E7E58D-2FB1-4C14-BD86-77860F42B373}.Debug|x86.Build.0 = Debug|Win32
		{A5E7E58D-2FB1-4C14-BD86-77860F42B373}.Release|x64.ActiveCfg = Release|x64
		{A5E7E58D-2FB1-4C14-BD86-77860F42B373}.Release|x64.Build.0 = Release|x64
		{A5E7E58D-2FB1-4C14-BD86-77860F42B373}.Release|x86.ActiveCfg = Release|Win32
		{A5E7E58D-2FB1-4C14-BD86-77860F42B373}.Release|x86.Build.0 = Release|Win32
		{A7C3D3C4-2F3C-4293-872E-B0715F68BEC5}.Debug|x64.ActiveCfg = Debug|x64
		{A7C3D3C4-2F3C-4293-872E-B0715F68BEC5}.Debug|x64.Build.0 = Debug|x64
		{A7C3D3C4-2F3C-4293-872E-B0715F68BEC5}.Debug|x86.ActiveCfg = Debug|Win32
		{A7C3D3C4-2F3C-4293-872E-B0715F68BEC5}.Debug|x86.Build.0 = Debug|Win32
		{A7C3D3C4-2F3C-4293-872E-B0715F68BEC5}.Release|x64.ActiveCfg = Release|x64
		{A7C3D3C4-2F3C-4293-872E-B0715F68BEC5}.Release|x64.Build.0 = Release|x64
		{A7C3D3C4-2F3C-4293-872E-B0715F68BEC5}.Release|x86.ActiveCfg = Release|Win32
		{A7C3D3C4-2F3C-4293-872E-B0715F68BEC5}.Release|x86.Build.0 = Release|Win32
		{1987764D-1896-4B71-B4DE-C62FE51EABE9}.Debug|x64.ActiveCfg = Debug|x64
		{1987764D-1896-4B71-B4DE-C62FE51EABE9}.Debug|x64.Build.0 = Debug|x64
		{1987764D-1896-4B71-B4DE-C62FE51EABE9}.Debug|x86.ActiveCfg = Debug|Win32
		{1987764D-1896-4B71-B4DE-C62FE51EABE9}.Debug|x86.Build.0 = Debug|Win32
		{1987764D-1896-4B71-B4DE-C62FE51EABE9}.Release|x64.ActiveCfg = Release|x64
		{1987764D-1896-4B71-B4DE-C62FE51EABE9}.Release|x64.Build.0 = Release|x64
		{1987764D-1896-4B71-B4DE-C62FE51EABE9}.Release|x86.ActiveCfg = Release|Win32
		{1987764D-1896-4B71-B4DE-C62FE51EABE9}.Release|x86.Build.0 = Release|Win32
		{0A172CB8-1C4F-42A3-AED2-E54E2FA68CEE}.Debug|x64.ActiveCfg = Debug|x64
		{0A172CB8-1C4F-42A3-AED2-E54E2FA68CEE}.Debug|x64.Build.0 = Debug|x64
		{0A172CB8-1C4F-42A3-AED2-E54E2FA68CEE}.Debug|x86.ActiveCfg = Debug|Win32
		{0A172CB8-1C4F-42A3-AED2-E54E2FA68CEE}.Debug|x86.Build.0 = Debug|Win32
		{0A172CB8-1C4F-42A3-AED2-E54E2FA68CEE}.Release|x64.ActiveCfg = Release|x64
		{0A172CB8-1C4F-42A3-AED2-E54E2FA68CEE}.Release|x64.Build.0 = Release|x64
		{0A172CB8-1C4F-42A3-AED2-E54E2FA68CEE}.Release|x86.ActiveCfg = Release|Win32
		{0A172CB8-1C4F-42A3-AED2-E54E2FA68CEE}.Release|x86.Build.0 = Release|Win32
		{895D6D14-F429-4CB3-A599-9B3A92369094}.Debug|x64.ActiveCfg = Debug|x64
		{895D6D14-F429-4CB3-A599-9B3A92369094}.Debug|x64.Build.0 = Debug|x64
		{895D6D14-F429-4CB3-A599-9B3A92369094}.Debug|x86.ActiveCfg = Debug|Win32
		{895D6D14-F429-4CB3-A599-9B3A92369094}.Debug|x86.Build.0 = Debug|Win32
		{895D6D14-F429-4CB3-A599-9B3A92369094}.Release|x64.ActiveCfg = Release|x64
		{895D6D14-F429-4CB3-A599-9B3A92369094}.Release|x64.Build.0 = Release|x64
		{895D6D14-F429-4CB3-A599-9B3A92369094}.Release|x86.ActiveCfg = Release|Win32
		{895D6D14-F429-4CB3-A599-9B3A92369094}.Release|x86.Build.0 = Release|Win32
		{11E31B2F-FECB-434E-A2D3-3910008F425E}.Debug|x64.ActiveCfg = Debug|x64
		{11E31B2F-FECB-434E-A2D3-3910008F425E}.Debug|x64.Build.0 = Debug|x64
		{11E31B2F-FECB-434E-A2D3-3910008F425E}.Debug|x86.ActiveCfg = Debug|Win32
		{11E31B2F-FECB-434E-A2D3-3910008F425E}.Debug|x86.Build.0 = Debug|Win32
		{11E31B2F-FECB-434E-A2D3-3910008F425E}.Release|x64.ActiveCfg = Release|x64
		{11E31B2F-FECB-434E-A2D3-3910008F425E}.Release|x64.Build.0 = Release|x64
		{11E31B2F-FECB-434E-A2D3-3910008F425E}.Release|x86.ActiveCfg = Release|Win32
		{11E31B2F-FECB-434E-A2D3-3910008F425E}.Release|x86.Build.0 = Release|Win32
		{B447224F-20D8-4AC0-AF2C-5992A971E08A}.Debug|x64.ActiveCfg = Debug|x64
		{B447224F-20D8-4AC0-AF2C-5992A971E08A}.Debug|x64.Build.0 = Debug|x64
		{B447224F-20D8-4AC0-AF2C-5992A971E08A}.Debug|x86.ActiveCfg = Debug|Win32
		{B447224F-20D8-4AC0-AF2C-5992A971E08A}.Debug|x86.Build.0 = Debug|Win32
		{B447224F-20D8-4AC0-AF2C-5992A971E08A}.Release|x64.ActiveCfg = Release|x64
		{B447224F-20D8-4AC0-AF2C-5992A971E08A}.Release|x64.Build.0 = Release|x64
		{B447224F-20D8-4AC0-AF2C-5992A971E08A}.Release|x86.ActiveCfg = Release|Win32
		{B447224F-20D8-4AC0-AF2C-5992A971E08A}.Release|x86.Build.0 = Release|Win32
		{E476B858-745C-47EE-ACEB-1DD5F06B4083}.Debug|x64.ActiveCfg = Debug|x64
		{E476B858-745C-47EE-ACEB-1DD5F06B4083}.Debug|x64.Build.0 = Debug|x64
		{E476B858-745C-47EE-ACEB-1DD5F06B4083}.Debug|x86.ActiveCfg = Debug|Win32
		{E476B858-745C-47EE-ACEB-1DD5F06B4083}.Debug|x86.Build.0 = Debug|Win32
		{E476B858-745C-47EE-ACEB-1DD5F06B4083}.Release|x64.ActiveCfg = Release|x64
		{E476B858-745C-47EE-ACEB-1DD5F06B4083}.Release|x64.Build.0 = Release|x64
		{E476B858-745C-47EE-ACEB-1DD5F06B4083}.Release|x86.ActiveCfg = Release|Win32
		{E476B858-745C-47EE-ACEB-1DD5F06B4083}.Release|x86.Build.0 = Release|Win32
		{7D3F612F-1346-44FC-B94D-EDBEB247ACAB}.Debug|x64.ActiveCfg = Debug|x64
		{7D3F612F-1346-44FC-B94D-EDBEB247ACAB}.Debug|x64.Build.0 = Debug|x64
		{7D3F612F-1346-44FC-B94D-EDBEB247ACAB}.Debug|x86.ActiveCfg = Debug|Win32
		{7D3F612F-1346-44FC-B94D-EDBEB247ACAB}.Debug|x86.Build.0 = Debug|Win32
		{7D3F612F-1346-44FC-B94D-EDBEB247ACAB}.Release|x64.ActiveCfg = Release|x64
		{7D3F612F-1346-44FC-B94D-EDBEB247ACAB}.Release|x64.Build.0 = Release|x64
		{7D3F612F-1346-44FC-B94D-EDBEB247ACAB}.Release|x86.ActiveCfg = Release|Win32
		{7D3F612F-1346-44FC-B94D-EDBEB247ACAB}.Release|x86.Build.0 = Release|Win32
		{ADB52607-84FD-4932-8D83-40F99303E6AA}.Debug|x64.ActiveCfg = Debug|x64
		{ADB52607-84FD-4932-8D83-40F99303E6AA}.Debug|x64.Build.0 = Debug|x64
		{ADB52607-84FD-4932-8D83-40F99303E6AA}.Debug|x86.ActiveCfg = Debug|Win32
		{ADB52607-84FD-4932-8D83-40F99303E6AA}.Debug|x86.Build.0 = Debug|Win32
		{ADB52607-84FD-4932-8D83-40F99303E6AA}.Release|x64.ActiveCfg = Release|x64
		{ADB52607-84FD-4932-8D83-40F99303E6AA}.Release|x64.Build.0 = Release|x64
		{ADB52607-84FD-4932-8D83-40F99303E6AA}.Release|x86.ActiveCfg = Release|Win32
		{ADB52607-84FD-4932-8D83-40F99303E6AA}.Release|x86.Build.0 = Release|Win32
		{A64696BC-152B-4A65-A15D-997B805611F0}.Debug|x64.ActiveCfg = Debug|x64
		{A64696BC-152B-4A65-A15D-997B805611F0}.Debug|x64.Build.0 = Debug|x64
		{A64696BC-152B-4A65-A15D-997B805611F0}.Debug|x86.ActiveCfg = Debug|Win32
		{A64696BC-152B-4A65-A15D-997B805611F0}.Debug|x86.Build.0 = Debug|Win32
		{A64696BC-152B-4A65-A15D-997B805611F0}.Release|x64.ActiveCfg = Release|x64
		{A64696BC-152B-4A65-A15D-997B805611F0}.Release|x64.Build.0 = Release|x64
		{A64696BC-152B-4A65-A15D-997B805611F0}.Release|x86.ActiveCfg = Release|Win32
		{A64696BC-152B-4A65-A15D-997B805611F0}.Release|x86.Build.0 = Release|Win32
		{4B975903-8654-4F85-A42C-21C4A2C12B00}.Debug|x64.ActiveCfg = Debug|x64
		{4B975903-8654-4F85-A42C-21C4A2C12B00}.Debug|x64.Build.0 = Debug|x64
		{4B975903-8654-4F85-A42C-21C4A2C12B00}.Debug|x86.ActiveCfg = Debug|Win32
		{4B975903-8654-4F85-A42C-21C4A2C12B00}.Debug|x86.Build.0 = Debug|Win32
		{4B975903-8654-4F85-A42C-21C4A2C12B00}.Release|x64.ActiveCfg = Release|x64
		{4B975903-8654-4F85-A42C-21C4A2C12B00}.Release|x64.Build.0 = Release|x64
		{4B975903-8654-4F85-A42C-21C4A2C12B00}.Release|x86.ActiveCfg = Release|Win32
		{4B975903-8654-4F85-A42C-21C4A2C12B00}.Release|x86.Build.0 = Release|Win32
		{77F0F68E-1CDB-4161-B65E-3C30EDC760E0}.Debug|x64.ActiveCfg = Debug|x64
		{77F0F68E-1CDB-4161-B65E-3C30EDC760E0}.Debug|x64.Build.0 = Debug|x64
		{77F0F68E-1CDB-4161-B65E-3C30EDC760E0}.Debug|x86.ActiveCfg = Debug|Win32
		{77F0F68E-1CDB-4161-B65E-3C30EDC760E0}.Debug|x86.Build.0 = Debug|Win32
		{77F0F68E-1CDB-4161-B65E-3C30EDC760E0}.Release|x64.ActiveCfg = Release|x64
		{77F0F68E-1CDB-4161-B65E-3C30EDC760E0}.Release|x64.Build.0 = Release|x64
		{77F0F68E-1CDB-4161-B65E-3C30EDC760E0}.Release|x86.ActiveCfg = Release|Win32
		{77F0F68E-1CDB-4161-B65E-3C30EDC760E0}.Release|x86.Build.0 = Release|Win32
		{EFC9416C-EA1F-486E-8C8E-ED07658C7CBF}.Debug|x64.ActiveCfg = Debug|x64
		{EFC9416C-EA1F-486E-8C8E-ED07658C7CBF}.Debug|x64.Build.0 = Debug|x64
		{EFC9416C-EA1F-486E-8C8E-ED07658C7CBF}.Debug|x86.ActiveCfg = Debug|Win32
		{EFC9416C-EA1F-486E-8C8E-ED07658C7CBF}.Debug|x86.Build.0 = Debug|Win32
		{EFC9416C-EA1F-486E-8C8E-ED07658C7CBF}.Release|x64.ActiveCfg = Release|x64
		{EFC9416C-EA1F-486E-8C8E-ED07658C7CBF}.Release|x64.Build.0 = Release|x64
		{EFC9416C-EA1F-486E-8C8E-ED07658C7CBF}.Release|x86.ActiveCfg = Release|Win32
		{EFC9416C-EA1F-486E-8C8E-ED07658C7CBF}.Release|x86.Build.0 = Release|Win32
		{B07C25EA-63B7-4378-B256-14ABE3525EED}.Debug|x64.ActiveCfg = Debug|x64
		{B07C25EA-63B7-4378-B256-14ABE3525EED}.Debug|x64.Build.0 = Debug|x64
		{B07C25EA-63B7-4378-B256-14ABE3525EED}.Debug|x86.ActiveCfg = Debug|Win32
		{B07C25EA-63B7-4378-B256-14ABE3525EED}.Debug|x86.Build.0 = Debug|Win32
		{B07C25EA-63B7-4378-B256-14ABE3525EED}.Release|x64.ActiveCfg = Release|x64
		{B07C25EA-63B7-4378-B256-14ABE3525EED}.Release|x64.Build.0 = Release|x64
		{B07C25EA-63B7-4378-B256-14ABE3525EED}.Release|x86.ActiveCfg = Release|Win32
		{B07C25EA-63B7-4378-B256-14ABE3525EED}.Release|x86.Build.0 = Release|Win32
		{02D32B5B-79F4-4BAC-AACE-337C1505F312}.Debug|x64.ActiveCfg = Debug|x64
		{02D32B5B-79F4-4BAC-AACE-337C1505F312}.Debug|x64.Build.0 = Debug|x64
		{02D32B5B-79F4-4BAC-AACE-337C1505F312}.Debug|x86.ActiveCfg = Debug|Win32
		{02D32B5B-79F4-4BAC-AACE-337C1505F312}.Debug|x86.Build.0 = Debug|Win32
		{02D32B5B-79F4-4BAC-AACE-337C1505F312}.Release|x64.ActiveCfg = Release|x64
		{02D32B5B-79F4-4BAC-AACE-337C1505F312}.Release|x64.Build.0 = Release|x64
		{02D32B5B-79F4-4BAC-AACE-337C1505F312}.Release|x86.ActiveCfg = Release|Win32
		{02D32B5B-79F4-4BAC-AACE-337C1505F312}.Release|x86.Build.0 = Release|Win32
		{9D175B90-1D52-4DD0-B916-62265CAD817B}.Debug|x64.ActiveCfg = Debug|x64
		{9D175B90-1D52-4DD0-B916-62265CAD817B}.Debug|x64.Build.0 = Debug|x64
		{9D175B90-1D52-4DD0-B916-62265CAD817B}.Debug|x86.ActiveCfg = Debug|Win32
		{9D175B90-1D52-4DD0-B916-62265CAD817B}.Debug|x86.Build.0 = Debug|Win32
		{9D175B90-1D52-4DD0-B916-62265CAD817B}.Release|x64.ActiveCfg = Release|x64
		{9D175B90-1D52-4DD0-B916-62265CAD817B}.Release|x64.Build.0 = Release|x64
		{9D175B90-1D52-4DD0-B916-62265CAD817B}.Release|x86.ActiveCfg = Release|Win32
		{9D175B90-1D52-4DD0-B916-62265CAD817B}.Release|x86.Build.0 = Release|Win32
		{E869B72A-F554-4F90-9E2F-13A28A8D62B1}.Debug|x64.ActiveCfg = Debug|x64
		{E869B72A-F554-4F90-9E2F-13A28A8D62B1}.Debug|x64.Build.0 = Debug|x64
		{E869B72A-F554-4F90-9E2F-13A28A8D62B1}.Debug|x86.ActiveCfg = Debug|Win32
		{E869B72A-F554-4F90-9E2F-13A28A8D62B1}.Debug|x86.Build.0 = Debug|Win32
		{E869B72A-F554-4F90-9E2F-13A28A8D62B1}.Release|x64.ActiveCfg = Release|x64
		{E869B72A-F554-4F90-9E2F-13A28A8D62B1}.Release|x64.Build.0 = Release|x64
		{E869B72A-F554-4F90-9E2F-13A28A8D62B1}.Release|x86.ActiveCfg = Release|Win32
		{E869B72A-F554-4F90-9E2F-13A28A8D62B1}.Release|x86.Build.0 = Release|Win32
		{79C39238-E46A-4E4C-B0DD-6C16A174D953}.Debug|x64.ActiveCfg = Debug|x64
		{79C39238-E46A-4E4C-B0DD-6C16A174D953}.Debug|x64.Build.0 = Debug|x64
		{79C39238-E46A-4E4C-B0DD-6C16A174D953}.Debug|x86.ActiveCfg = Debug|Win32
		{79C39238-E46A-4E4C-B0DD-6C16A174D953}.Debug|x86.Build.0 = Debug|Win32
		{79C39238-E46A-4E4C-B0DD-6C16A174D953}.Release|x64.ActiveCfg = Release|x64
		{79C39238-E46A-4E4C-B0DD-6C16A174D953}.Release|x64.Build.0 = Release|x64
		{79C39238-E46A-4E4C-B0DD-6C16A174D953}.Release|x86.ActiveCfg = Release|Win32
		{79C39238-E46A-4E4C-B0DD-6C16A174D953}.Release|x86.Build.0 = Release|Win32
	EndGlobalSection
	GlobalSection(SolutionProperties) = preSolution
		HideSolutionNode = FALSE
	EndGlobalSection
	GlobalSection(ExtensibilityGlobals) = postSolution
		SolutionGuid = {07CF2BC1-93FF-48F6-B2E9-AC6142B207E8}
	EndGlobalSection
EndGlobal
