
Microsoft Visual Studio Solution File, Format Version 12.00
# Visual Studio Version 17
VisualStudioVersion = 17.3.32825.248
MinimumVisualStudioVersion = 10.0.40219.1
Project("{8BC9CEB8-8B4A-11D0-8D11-00A0C91BC942}") = "Baekjoon", "Baekjoon\Baekjoon.vcxproj", "{ECA80AD6-30AF-49C1-8A70-F8E7E85389B0}"
EndProject
Project("{8BC9CEB8-8B4A-11D0-8D11-00A0C91BC942}") = "7562", "7562\7562.vcxproj", "{C5C05043-0E71-49D9-8B71-803401CFB562}"
EndProject
Project("{8BC9CEB8-8B4A-11D0-8D11-00A0C91BC942}") = "2583", "2583\2583.vcxproj", "{8262F7BF-D56D-4B57-BA25-FD5763371270}"
EndProject
Global
	GlobalSection(SolutionConfigurationPlatforms) = preSolution
		Debug|x64 = Debug|x64
		Debug|x86 = Debug|x86
		Release|x64 = Release|x64
		Release|x86 = Release|x86
	EndGlobalSection
	GlobalSection(ProjectConfigurationPlatforms) = postSolution
		{ECA80AD6-30AF-49C1-8A70-F8E7E85389B0}.Debug|x64.ActiveCfg = Debug|x64
		{ECA80AD6-30AF-49C1-8A70-F8E7E85389B0}.Debug|x64.Build.0 = Debug|x64
		{ECA80AD6-30AF-49C1-8A70-F8E7E85389B0}.Debug|x86.ActiveCfg = Debug|Win32
		{ECA80AD6-30AF-49C1-8A70-F8E7E85389B0}.Debug|x86.Build.0 = Debug|Win32
		{ECA80AD6-30AF-49C1-8A70-F8E7E85389B0}.Release|x64.ActiveCfg = Release|x64
		{ECA80AD6-30AF-49C1-8A70-F8E7E85389B0}.Release|x64.Build.0 = Release|x64
		{ECA80AD6-30AF-49C1-8A70-F8E7E85389B0}.Release|x86.ActiveCfg = Release|Win32
		{ECA80AD6-30AF-49C1-8A70-F8E7E85389B0}.Release|x86.Build.0 = Release|Win32
		{C5C05043-0E71-49D9-8B71-803401CFB562}.Debug|x64.ActiveCfg = Debug|x64
		{C5C05043-0E71-49D9-8B71-803401CFB562}.Debug|x64.Build.0 = Debug|x64
		{C5C05043-0E71-49D9-8B71-803401CFB562}.Debug|x86.ActiveCfg = Debug|Win32
		{C5C05043-0E71-49D9-8B71-803401CFB562}.Debug|x86.Build.0 = Debug|Win32
		{C5C05043-0E71-49D9-8B71-803401CFB562}.Release|x64.ActiveCfg = Release|x64
		{C5C05043-0E71-49D9-8B71-803401CFB562}.Release|x64.Build.0 = Release|x64
		{C5C05043-0E71-49D9-8B71-803401CFB562}.Release|x86.ActiveCfg = Release|Win32
		{C5C05043-0E71-49D9-8B71-803401CFB562}.Release|x86.Build.0 = Release|Win32
		{8262F7BF-D56D-4B57-BA25-FD5763371270}.Debug|x64.ActiveCfg = Debug|x64
		{8262F7BF-D56D-4B57-BA25-FD5763371270}.Debug|x64.Build.0 = Debug|x64
		{8262F7BF-D56D-4B57-BA25-FD5763371270}.Debug|x86.ActiveCfg = Debug|Win32
		{8262F7BF-D56D-4B57-BA25-FD5763371270}.Debug|x86.Build.0 = Debug|Win32
		{8262F7BF-D56D-4B57-BA25-FD5763371270}.Release|x64.ActiveCfg = Release|x64
		{8262F7BF-D56D-4B57-BA25-FD5763371270}.Release|x64.Build.0 = Release|x64
		{8262F7BF-D56D-4B57-BA25-FD5763371270}.Release|x86.ActiveCfg = Release|Win32
		{8262F7BF-D56D-4B57-BA25-FD5763371270}.Release|x86.Build.0 = Release|Win32
	EndGlobalSection
	GlobalSection(SolutionProperties) = preSolution
		HideSolutionNode = FALSE
	EndGlobalSection
	GlobalSection(ExtensibilityGlobals) = postSolution
		SolutionGuid = {07CF2BC1-93FF-48F6-B2E9-AC6142B207E8}
	EndGlobalSection
EndGlobal
